{
  "projects": [
    {
      "projectId": "6xqwZRggHmQCLAmEZ3ZijY",
      "version": "latest",
      "dependencies": {},
      "lang": "ts",
      "fileLocks": [
        {
          "assetId": "6xqwZRggHmQCLAmEZ3ZijY",
          "type": "projectCss",
          "checksum": "11882c75b623571f76c7e1893a3589ac"
        },
        {
          "type": "renderModule",
          "assetId": "gvs6wyL_wDKG",
          "checksum": "012399463c908d5a7011562bd707121b"
        },
        {
          "type": "cssRules",
          "assetId": "gvs6wyL_wDKG",
          "checksum": "012399463c908d5a7011562bd707121b"
        },
        {
          "type": "image",
          "assetId": "qwcfi8qJQBYL",
          "checksum": "a948c4e616c1692cc754b8aa09adec13"
        }
      ],
      "codegenVersion": "0.0.1"
    }
  ],
  "cliVersion": "0.1.330"
}
